// !$*UTF8*$!
{
	archiveVersion = 1;
	classes = {
	};
	objectVersion = 46;
	objects = {

/* Begin PBXBuildFile section */
		2BC9759819634DB5000BB496 /* Foundation.framework in Frameworks */ = {isa = PBXBuildFile; fileRef = 2BC9759719634DB5000BB496 /* Foundation.framework */; };
		2BC9759A19634DB5000BB496 /* CoreGraphics.framework in Frameworks */ = {isa = PBXBuildFile; fileRef = 2BC9759919634DB5000BB496 /* CoreGraphics.framework */; };
		2BC9759C19634DB5000BB496 /* UIKit.framework in Frameworks */ = {isa = PBXBuildFile; fileRef = 2BC9759B19634DB5000BB496 /* UIKit.framework */; };
		2BC975A219634DB5000BB496 /* InfoPlist.strings in Resources */ = {isa = PBXBuildFile; fileRef = 2BC975A019634DB5000BB496 /* InfoPlist.strings */; };
		2BC975A419634DB5000BB496 /* main.m in Sources */ = {isa = PBXBuildFile; fileRef = 2BC975A319634DB5000BB496 /* main.m */; };
		2BC975A819634DB5000BB496 /* SLCAppDelegate.m in Sources */ = {isa = PBXBuildFile; fileRef = 2BC975A719634DB5000BB496 /* SLCAppDelegate.m */; };
		2BC975AB19634DB5000BB496 /* Main_iPhone.storyboard in Resources */ = {isa = PBXBuildFile; fileRef = 2BC975A919634DB5000BB496 /* Main_iPhone.storyboard */; };
		2BC975AE19634DB5000BB496 /* Main_iPad.storyboard in Resources */ = {isa = PBXBuildFile; fileRef = 2BC975AC19634DB5000BB496 /* Main_iPad.storyboard */; };
		2BC975B119634DB5000BB496 /* SLCViewController.m in Sources */ = {isa = PBXBuildFile; fileRef = 2BC975B019634DB5000BB496 /* SLCViewController.m */; };
		2BC975B319634DB5000BB496 /* Images.xcassets in Resources */ = {isa = PBXBuildFile; fileRef = 2BC975B219634DB5000BB496 /* Images.xcassets */; };
		2BC975BA19634DB5000BB496 /* XCTest.framework in Frameworks */ = {isa = PBXBuildFile; fileRef = 2BC975B919634DB5000BB496 /* XCTest.framework */; };
		2BC975BB19634DB5000BB496 /* Foundation.framework in Frameworks */ = {isa = PBXBuildFile; fileRef = 2BC9759719634DB5000BB496 /* Foundation.framework */; };
		2BC975BC19634DB5000BB496 /* UIKit.framework in Frameworks */ = {isa = PBXBuildFile; fileRef = 2BC9759B19634DB5000BB496 /* UIKit.framework */; };
		2BC975C419634DB5000BB496 /* InfoPlist.strings in Resources */ = {isa = PBXBuildFile; fileRef = 2BC975C219634DB5000BB496 /* InfoPlist.strings */; };
		2BC975C619634DB5000BB496 /* IntroToCocoapodsTests.m in Sources */ = {isa = PBXBuildFile; fileRef = 2BC975C519634DB5000BB496 /* IntroToCocoapodsTests.m */; };
/* End PBXBuildFile section */

/* Begin PBXContainerItemProxy section */
		2BC975BD19634DB5000BB496 /* PBXContainerItemProxy */ = {
			isa = PBXContainerItemProxy;
			containerPortal = 2BC9758C19634DB5000BB496 /* Project object */;
			proxyType = 1;
			remoteGlobalIDString = 2BC9759319634DB5000BB496;
			remoteInfo = IntroToCocoapods;
		};
/* End PBXContainerItemProxy section */

/* Begin PBXFileReference section */
		2BC9759419634DB5000BB496 /* IntroToCocoapods.app */ = {isa = PBXFileReference; explicitFileType = wrapper.application; includeInIndex = 0; path = IntroToCocoapods.app; sourceTree = BUILT_PRODUCTS_DIR; };
		2BC9759719634DB5000BB496 /* Foundation.framework */ = {isa = PBXFileReference; lastKnownFileType = wrapper.framework; name = Foundation.framework; path = System/Library/Frameworks/Foundation.framework; sourceTree = SDKROOT; };
		2BC9759919634DB5000BB496 /* CoreGraphics.framework */ = {isa = PBXFileReference; lastKnownFileType = wrapper.framework; name = CoreGraphics.framework; path = System/Library/Frameworks/CoreGraphics.framework; sourceTree = SDKROOT; };
		2BC9759B19634DB5000BB496 /* UIKit.framework */ = {isa = PBXFileReference; lastKnownFileType = wrapper.framework; name = UIKit.framework; path = System/Library/Frameworks/UIKit.framework; sourceTree = SDKROOT; };
		2BC9759F19634DB5000BB496 /* IntroToCocoapods-Info.plist */ = {isa = PBXFileReference; lastKnownFileType = text.plist.xml; path = "IntroToCocoapods-Info.plist"; sourceTree = "<group>"; };
		2BC975A119634DB5000BB496 /* en */ = {isa = PBXFileReference; lastKnownFileType = text.plist.strings; name = en; path = en.lproj/InfoPlist.strings; sourceTree = "<group>"; };
		2BC975A319634DB5000BB496 /* main.m */ = {isa = PBXFileReference; lastKnownFileType = sourcecode.c.objc; path = main.m; sourceTree = "<group>"; };
		2BC975A519634DB5000BB496 /* IntroToCocoapods-Prefix.pch */ = {isa = PBXFileReference; lastKnownFileType = sourcecode.c.h; path = "IntroToCocoapods-Prefix.pch"; sourceTree = "<group>"; };
		2BC975A619634DB5000BB496 /* SLCAppDelegate.h */ = {isa = PBXFileReference; lastKnownFileType = sourcecode.c.h; path = SLCAppDelegate.h; sourceTree = "<group>"; };
		2BC975A719634DB5000BB496 /* SLCAppDelegate.m */ = {isa = PBXFileReference; lastKnownFileType = sourcecode.c.objc; path = SLCAppDelegate.m; sourceTree = "<group>"; };
		2BC975AA19634DB5000BB496 /* Base */ = {isa = PBXFileReference; lastKnownFileType = file.storyboard; name = Base; path = Base.lproj/Main_iPhone.storyboard; sourceTree = "<group>"; };
		2BC975AD19634DB5000BB496 /* Base */ = {isa = PBXFileReference; lastKnownFileType = file.storyboard; name = Base; path = Base.lproj/Main_iPad.storyboard; sourceTree = "<group>"; };
		2BC975AF19634DB5000BB496 /* SLCViewController.h */ = {isa = PBXFileReference; lastKnownFileType = sourcecode.c.h; path = SLCViewController.h; sourceTree = "<group>"; };
		2BC975B019634DB5000BB496 /* SLCViewController.m */ = {isa = PBXFileReference; lastKnownFileType = sourcecode.c.objc; path = SLCViewController.m; sourceTree = "<group>"; };
		2BC975B219634DB5000BB496 /* Images.xcassets */ = {isa = PBXFileReference; lastKnownFileType = folder.assetcatalog; path = Images.xcassets; sourceTree = "<group>"; };
		2BC975B819634DB5000BB496 /* IntroToCocoapodsTests.xctest */ = {isa = PBXFileReference; explicitFileType = wrapper.cfbundle; includeInIndex = 0; path = IntroToCocoapodsTests.xctest; sourceTree = BUILT_PRODUCTS_DIR; };
		2BC975B919634DB5000BB496 /* XCTest.framework */ = {isa = PBXFileReference; lastKnownFileType = wrapper.framework; name = XCTest.framework; path = Library/Frameworks/XCTest.framework; sourceTree = DEVELOPER_DIR; };
		2BC975C119634DB5000BB496 /* IntroToCocoapodsTests-Info.plist */ = {isa = PBXFileReference; lastKnownFileType = text.plist.xml; path = "IntroToCocoapodsTests-Info.plist"; sourceTree = "<group>"; };
		2BC975C319634DB5000BB496 /* en */ = {isa = PBXFileReference; lastKnownFileType = text.plist.strings; name = en; path = en.lproj/InfoPlist.strings; sourceTree = "<group>"; };
		2BC975C519634DB5000BB496 /* IntroToCocoapodsTests.m */ = {isa = PBXFileReference; lastKnownFileType = sourcecode.c.objc; path = IntroToCocoapodsTests.m; sourceTree = "<group>"; };
/* End PBXFileReference section */

/* Begin PBXFrameworksBuildPhase section */
		2BC9759119634DB5000BB496 /* Frameworks */ = {
			isa = PBXFrameworksBuildPhase;
			buildActionMask = 2147483647;
			files = (
				2BC9759A19634DB5000BB496 /* CoreGraphics.framework in Frameworks */,
				2BC9759C19634DB5000BB496 /* UIKit.framework in Frameworks */,
				2BC9759819634DB5000BB496 /* Foundation.framework in Frameworks */,
			);
			runOnlyForDeploymentPostprocessing = 0;
		};
		2BC975B519634DB5000BB496 /* Frameworks */ = {
			isa = PBXFrameworksBuildPhase;
			buildActionMask = 2147483647;
			files = (
				2BC975BA19634DB5000BB496 /* XCTest.framework in Frameworks */,
				2BC975BC19634DB5000BB496 /* UIKit.framework in Frameworks */,
				2BC975BB19634DB5000BB496 /* Foundation.framework in Frameworks */,
			);
			runOnlyForDeploymentPostprocessing = 0;
		};
/* End PBXFrameworksBuildPhase section */

/* Begin PBXGroup section */
		2BC9758B19634DB5000BB496 = {
			isa = PBXGroup;
			children = (
				2BC9759D19634DB5000BB496 /* IntroToCocoapods */,
				2BC975BF19634DB5000BB496 /* IntroToCocoapodsTests */,
				2BC9759619634DB5000BB496 /* Frameworks */,
				2BC9759519634DB5000BB496 /* Products */,
			);
			sourceTree = "<group>";
		};
		2BC9759519634DB5000BB496 /* Products */ = {
			isa = PBXGroup;
			children = (
				2BC9759419634DB5000BB496 /* IntroToCocoapods.app */,
				2BC975B819634DB5000BB496 /* IntroToCocoapodsTests.xctest */,
			);
			name = Products;
			sourceTree = "<group>";
		};
		2BC9759619634DB5000BB496 /* Frameworks */ = {
			isa = PBXGroup;
			children = (
				2BC9759719634DB5000BB496 /* Foundation.framework */,
				2BC9759919634DB5000BB496 /* CoreGraphics.framework */,
				2BC9759B19634DB5000BB496 /* UIKit.framework */,
				2BC975B919634DB5000BB496 /* XCTest.framework */,
			);
			name = Frameworks;
			sourceTree = "<group>";
		};
		2BC9759D19634DB5000BB496 /* IntroToCocoapods */ = {
			isa = PBXGroup;
			children = (
				2BC975A619634DB5000BB496 /* SLCAppDelegate.h */,
				2BC975A719634DB5000BB496 /* SLCAppDelegate.m */,
				2BC975A919634DB5000BB496 /* Main_iPhone.storyboard */,
				2BC975AC19634DB5000BB496 /* Main_iPad.storyboard */,
				2BC975AF19634DB5000BB496 /* SLCViewController.h */,
				2BC975B019634DB5000BB496 /* SLCViewController.m */,
				2BC975B219634DB5000BB496 /* Images.xcassets */,
				2BC9759E19634DB5000BB496 /* Supporting Files */,
			);
			path = IntroToCocoapods;
			sourceTree = "<group>";
		};
		2BC9759E19634DB5000BB496 /* Supporting Files */ = {
			isa = PBXGroup;
			children = (
				2BC9759F19634DB5000BB496 /* IntroToCocoapods-Info.plist */,
				2BC975A019634DB5000BB496 /* InfoPlist.strings */,
				2BC975A319634DB5000BB496 /* main.m */,
				2BC975A519634DB5000BB496 /* IntroToCocoapods-Prefix.pch */,
			);
			name = "Supporting Files";
			sourceTree = "<group>";
		};
		2BC975BF19634DB5000BB496 /* IntroToCocoapodsTests */ = {
			isa = PBXGroup;
			children = (
				2BC975C519634DB5000BB496 /* IntroToCocoapodsTests.m */,
				2BC975C019634DB5000BB496 /* Supporting Files */,
			);
			path = IntroToCocoapodsTests;
			sourceTree = "<group>";
		};
		2BC975C019634DB5000BB496 /* Supporting Files */ = {
			isa = PBXGroup;
			children = (
				2BC975C119634DB5000BB496 /* IntroToCocoapodsTests-Info.plist */,
				2BC975C219634DB5000BB496 /* InfoPlist.strings */,
			);
			name = "Supporting Files";
			sourceTree = "<group>";
		};
/* End PBXGroup section */

/* Begin PBXNativeTarget section */
		2BC9759319634DB5000BB496 /* IntroToCocoapods */ = {
			isa = PBXNativeTarget;
			buildConfigurationList = 2BC975C919634DB5000BB496 /* Build configuration list for PBXNativeTarget "IntroToCocoapods" */;
			buildPhases = (
				2BC9759019634DB5000BB496 /* Sources */,
				2BC9759119634DB5000BB496 /* Frameworks */,
				2BC9759219634DB5000BB496 /* Resources */,
			);
			buildRules = (
			);
			dependencies = (
			);
			name = IntroToCocoapods;
			productName = IntroToCocoapods;
			productReference = 2BC9759419634DB5000BB496 /* IntroToCocoapods.app */;
			productType = "com.apple.product-type.application";
		};
		2BC975B719634DB5000BB496 /* IntroToCocoapodsTests */ = {
			isa = PBXNativeTarget;
			buildConfigurationList = 2BC975CC19634DB5000BB496 /* Build configuration list for PBXNativeTarget "IntroToCocoapodsTests" */;
			buildPhases = (
				2BC975B419634DB5000BB496 /* Sources */,
				2BC975B519634DB5000BB496 /* Frameworks */,
				2BC975B619634DB5000BB496 /* Resources */,
			);
			buildRules = (
			);
			dependencies = (
				2BC975BE19634DB5000BB496 /* PBXTargetDependency */,
			);
			name = IntroToCocoapodsTests;
			productName = IntroToCocoapodsTests;
			productReference = 2BC975B819634DB5000BB496 /* IntroToCocoapodsTests.xctest */;
			productType = "com.apple.product-type.bundle.unit-test";
		};
/* End PBXNativeTarget section */

/* Begin PBXProject section */
		2BC9758C19634DB5000BB496 /* Project object */ = {
			isa = PBXProject;
			attributes = {
				CLASSPREFIX = SLC;
				LastUpgradeCheck = 0510;
				ORGANIZATIONNAME = "Slalom Consulting";
				TargetAttributes = {
					2BC975B719634DB5000BB496 = {
						TestTargetID = 2BC9759319634DB5000BB496;
					};
				};
			};
			buildConfigurationList = 2BC9758F19634DB5000BB496 /* Build configuration list for PBXProject "IntroToCocoapods" */;
			compatibilityVersion = "Xcode 3.2";
			developmentRegion = English;
			hasScannedForEncodings = 0;
			knownRegions = (
				en,
				Base,
			);
			mainGroup = 2BC9758B19634DB5000BB496;
			productRefGroup = 2BC9759519634DB5000BB496 /* Products */;
			projectDirPath = "";
			projectRoot = "";
			targets = (
				2BC9759319634DB5000BB496 /* IntroToCocoapods */,
				2BC975B719634DB5000BB496 /* IntroToCocoapodsTests */,
			);
		};
/* End PBXProject section */

/* Begin PBXResourcesBuildPhase section */
		2BC9759219634DB5000BB496 /* Resources */ = {
			isa = PBXResourcesBuildPhase;
			buildActionMask = 2147483647;
			files = (
				2BC975AE19634DB5000BB496 /* Main_iPad.storyboard in Resources */,
				2BC975B319634DB5000BB496 /* Images.xcassets in Resources */,
				2BC975AB19634DB5000BB496 /* Main_iPhone.storyboard in Resources */,
				2BC975A219634DB5000BB496 /* InfoPlist.strings in Resources */,
			);
			runOnlyForDeploymentPostprocessing = 0;
		};
		2BC975B619634DB5000BB496 /* Resources */ = {
			isa = PBXResourcesBuildPhase;
			buildActionMask = 2147483647;
			files = (
				2BC975C419634DB5000BB496 /* InfoPlist.strings in Resources */,
			);
			runOnlyForDeploymentPostprocessing = 0;
		};
/* End PBXResourcesBuildPhase section */

/* Begin PBXSourcesBuildPhase section */
		2BC9759019634DB5000BB496 /* Sources */ = {
			isa = PBXSourcesBuildPhase;
			buildActionMask = 2147483647;
			files = (
				2BC975A419634DB5000BB496 /* main.m in Sources */,
				2BC975A819634DB5000BB496 /* SLCAppDelegate.m in Sources */,
				2BC975B119634DB5000BB496 /* SLCViewController.m in Sources */,
			);
			runOnlyForDeploymentPostprocessing = 0;
		};
		2BC975B419634DB5000BB496 /* Sources */ = {
			isa = PBXSourcesBuildPhase;
			buildActionMask = 2147483647;
			files = (
				2BC975C619634DB5000BB496 /* IntroToCocoapodsTests.m in Sources */,
			);
			runOnlyForDeploymentPostprocessing = 0;
		};
/* End PBXSourcesBuildPhase section */

/* Begin PBXTargetDependency section */
		2BC975BE19634DB5000BB496 /* PBXTargetDependency */ = {
			isa = PBXTargetDependency;
			target = 2BC9759319634DB5000BB496 /* IntroToCocoapods */;
			targetProxy = 2BC975BD19634DB5000BB496 /* PBXContainerItemProxy */;
		};
/* End PBXTargetDependency section */

/* Begin PBXVariantGroup section */
		2BC975A019634DB5000BB496 /* InfoPlist.strings */ = {
			isa = PBXVariantGroup;
			children = (
				2BC975A119634DB5000BB496 /* en */,
			);
			name = InfoPlist.strings;
			sourceTree = "<group>";
		};
		2BC975A919634DB5000BB496 /* Main_iPhone.storyboard */ = {
			isa = PBXVariantGroup;
			children = (
				2BC975AA19634DB5000BB496 /* Base */,
			);
			name = Main_iPhone.storyboard;
			sourceTree = "<group>";
		};
		2BC975AC19634DB5000BB496 /* Main_iPad.storyboard */ = {
			isa = PBXVariantGroup;
			children = (
				2BC975AD19634DB5000BB496 /* Base */,
			);
			name = Main_iPad.storyboard;
			sourceTree = "<group>";
		};
		2BC975C219634DB5000BB496 /* InfoPlist.strings */ = {
			isa = PBXVariantGroup;
			children = (
				2BC975C319634DB5000BB496 /* en */,
			);
			name = InfoPlist.strings;
			sourceTree = "<group>";
		};
/* End PBXVariantGroup section */

/* Begin XCBuildConfiguration section */
		2BC975C719634DB5000BB496 /* Debug */ = {
			isa = XCBuildConfiguration;
			buildSettings = {
				ALWAYS_SEARCH_USER_PATHS = NO;
				CLANG_CXX_LANGUAGE_STANDARD = "gnu++0x";
				CLANG_CXX_LIBRARY = "libc++";
				CLANG_ENABLE_MODULES = YES;
				CLANG_ENABLE_OBJC_ARC = YES;
				CLANG_WARN_BOOL_CONVERSION = YES;
				CLANG_WARN_CONSTANT_CONVERSION = YES;
				CLANG_WARN_DIRECT_OBJC_ISA_USAGE = YES_ERROR;
				CLANG_WARN_EMPTY_BODY = YES;
				CLANG_WARN_ENUM_CONVERSION = YES;
				CLANG_WARN_INT_CONVERSION = YES;
				CLANG_WARN_OBJC_ROOT_CLASS = YES_ERROR;
				CLANG_WARN__DUPLICATE_METHOD_MATCH = YES;
				"CODE_SIGN_IDENTITY[sdk=iphoneos*]" = "iPhone Developer";
				COPY_PHASE_STRIP = NO;
				GCC_C_LANGUAGE_STANDARD = gnu99;
				GCC_DYNAMIC_NO_PIC = NO;
				GCC_OPTIMIZATION_LEVEL = 0;
				GCC_PREPROCESSOR_DEFINITIONS = (
					"DEBUG=1",
					"$(inherited)",
				);
				GCC_SYMBOLS_PRIVATE_EXTERN = NO;
				GCC_WARN_64_TO_32_BIT_CONVERSION = YES;
				GCC_WARN_ABOUT_RETURN_TYPE = YES_ERROR;
				GCC_WARN_UNDECLARED_SELECTOR = YES;
				GCC_WARN_UNINITIALIZED_AUTOS = YES_AGGRESSIVE;
				GCC_WARN_UNUSED_FUNCTION = YES;
				GCC_WARN_UNUSED_VARIABLE = YES;
				IPHONEOS_DEPLOYMENT_TARGET = 7.1;
				ONLY_ACTIVE_ARCH = YES;
				SDKROOT = iphoneos;
				TARGETED_DEVICE_FAMILY = "1,2";
			};
			name = Debug;
		};
		2BC975C819634DB5000BB496 /* Release */ = {
			isa = XCBuildConfiguration;
			buildSettings = {
				ALWAYS_SEARCH_USER_PATHS = NO;
				CLANG_CXX_LANGUAGE_STANDARD = "gnu++0x";
				CLANG_CXX_LIBRARY = "libc++";
				CLANG_ENABLE_MODULES = YES;
				CLANG_ENABLE_OBJC_ARC = YES;
				CLANG_WARN_BOOL_CONVERSION = YES;
				CLANG_WARN_CONSTANT_CONVERSION = YES;
				CLANG_WARN_DIRECT_OBJC_ISA_USAGE = YES_ERROR;
				CLANG_WARN_EMPTY_BODY = YES;
				CLANG_WARN_ENUM_CONVERSION = YES;
				CLANG_WARN_INT_CONVERSION = YES;
				CLANG_WARN_OBJC_ROOT_CLASS = YES_ERROR;
				CLANG_WARN__DUPLICATE_METHOD_MATCH = YES;
				"CODE_SIGN_IDENTITY[sdk=iphoneos*]" = "iPhone Developer";
				COPY_PHASE_STRIP = YES;
				ENABLE_NS_ASSERTIONS = NO;
				GCC_C_LANGUAGE_STANDARD = gnu99;
				GCC_WARN_64_TO_32_BIT_CONVERSION = YES;
				GCC_WARN_ABOUT_RETURN_TYPE = YES_ERROR;
				GCC_WARN_UNDECLARED_SELECTOR = YES;
				GCC_WARN_UNINITIALIZED_AUTOS = YES_AGGRESSIVE;
				GCC_WARN_UNUSED_FUNCTION = YES;
				GCC_WARN_UNUSED_VARIABLE = YES;
				IPHONEOS_DEPLOYMENT_TARGET = 7.1;
				SDKROOT = iphoneos;
				TARGETED_DEVICE_FAMILY = "1,2";
				VALIDATE_PRODUCT = YES;
			};
			name = Release;
		};
		2BC975CA19634DB5000BB496 /* Debug */ = {
			isa = XCBuildConfiguration;
			buildSettings = {
				ASSETCATALOG_COMPILER_APPICON_NAME = AppIcon;
				ASSETCATALOG_COMPILER_LAUNCHIMAGE_NAME = LaunchImage;
				GCC_PRECOMPILE_PREFIX_HEADER = YES;
				GCC_PREFIX_HEADER = "IntroToCocoapods/IntroToCocoapods-Prefix.pch";
				INFOPLIST_FILE = "IntroToCocoapods/IntroToCocoapods-Info.plist";
				PRODUCT_NAME = "$(TARGET_NAME)";
				WRAPPER_EXTENSION = app;
			};
			name = Debug;
		};
		2BC975CB19634DB5000BB496 /* Release */ = {
			isa = XCBuildConfiguration;
			buildSettings = {
				ASSETCATALOG_COMPILER_APPICON_NAME = AppIcon;
				ASSETCATALOG_COMPILER_LAUNCHIMAGE_NAME = LaunchImage;
				GCC_PRECOMPILE_PREFIX_HEADER = YES;
				GCC_PREFIX_HEADER = "IntroToCocoapods/IntroToCocoapods-Prefix.pch";
				INFOPLIST_FILE = "IntroToCocoapods/IntroToCocoapods-Info.plist";
				PRODUCT_NAME = "$(TARGET_NAME)";
				WRAPPER_EXTENSION = app;
			};
			name = Release;
		};
		2BC975CD19634DB5000BB496 /* Debug */ = {
			isa = XCBuildConfiguration;
			buildSettings = {
				BUNDLE_LOADER = "$(BUILT_PRODUCTS_DIR)/IntroToCocoapods.app/IntroToCocoapods";
				FRAMEWORK_SEARCH_PATHS = (
					"$(SDKROOT)/Developer/Library/Frameworks",
					"$(inherited)",
					"$(DEVELOPER_FRAMEWORKS_DIR)",
				);
				GCC_PRECOMPILE_PREFIX_HEADER = YES;
				GCC_PREFIX_HEADER = "IntroToCocoapods/IntroToCocoapods-Prefix.pch";
				GCC_PREPROCESSOR_DEFINITIONS = (
					"DEBUG=1",
					"$(inherited)",
				);
				INFOPLIST_FILE = "IntroToCocoapodsTests/IntroToCocoapodsTests-Info.plist";
				PRODUCT_NAME = "$(TARGET_NAME)";
				TEST_HOST = "$(BUNDLE_LOADER)";
				WRAPPER_EXTENSION = xctest;
			};
			name = Debug;
		};
		2BC975CE19634DB5000BB496 /* Release */ = {
			isa = XCBuildConfiguration;
			buildSettings = {
				BUNDLE_LOADER = "$(BUILT_PRODUCTS_DIR)/IntroToCocoapods.app/IntroToCocoapods";
				FRAMEWORK_SEARCH_PATHS = (
					"$(SDKROOT)/Developer/Library/Frameworks",
					"$(inherited)",
					"$(DEVELOPER_FRAMEWORKS_DIR)",
				);
				GCC_PRECOMPILE_PREFIX_HEADER = YES;
				GCC_PREFIX_HEADER = "IntroToCocoapods/IntroToCocoapods-Prefix.pch";
				INFOPLIST_FILE = "IntroToCocoapodsTests/IntroToCocoapodsTests-Info.plist";
				PRODUCT_NAME = "$(TARGET_NAME)";
				TEST_HOST = "$(BUNDLE_LOADER)";
				WRAPPER_EXTENSION = xctest;
			};
			name = Release;
		};
/* End XCBuildConfiguration section */

/* Begin XCConfigurationList section */
		2BC9758F19634DB5000BB496 /* Build configuration list for PBXProject "IntroToCocoapods" */ = {
			isa = XCConfigurationList;
			buildConfigurations = (
				2BC975C719634DB5000BB496 /* Debug */,
				2BC975C819634DB5000BB496 /* Release */,
			);
			defaultConfigurationIsVisible = 0;
			defaultConfigurationName = Release;
		};
		2BC975C919634DB5000BB496 /* Build configuration list for PBXNativeTarget "IntroToCocoapods" */ = {
			isa = XCConfigurationList;
			buildConfigurations = (
				2BC975CA19634DB5000BB496 /* Debug */,
				2BC975CB19634DB5000BB496 /* Release */,
			);
			defaultConfigurationIsVisible = 0;
		};
		2BC975CC19634DB5000BB496 /* Build configuration list for PBXNativeTarget "IntroToCocoapodsTests" */ = {
			isa = XCConfigurationList;
			buildConfigurations = (
				2BC975CD19634DB5000BB496 /* Debug */,
				2BC975CE19634DB5000BB496 /* Release */,
			);
			defaultConfigurationIsVisible = 0;
		};
/* End XCConfigurationList section */
	};
	rootObject = 2BC9758C19634DB5000BB496 /* Project object */;
}
